
Microsoft Visual Studio Solution File, Format Version 12.00
# Visual Studio 15
Project("{FAE04EC0-301F-11D3-BF4B-00C04F79EFBC}") = "readyTgo", "readyTgo.csproj", "{DC2667F9-4949-F66D-C3A7-889C39930F95}"
EndProject
Project("{FAE04EC0-301F-11D3-BF4B-00C04F79EFBC}") = "readyTgo.Editor", "readyTgo.Editor.csproj", "{A5AAC478-A6D2-216E-F888-8EEE4407E6AD}"
EndProject
Global
	GlobalSection(SolutionConfigurationPlatforms) = preSolution
		Debug|Any CPU = Debug|Any CPU
		Release|Any CPU = Release|Any CPU
	EndGlobalSection
	GlobalSection(ProjectConfigurationPlatforms) = postSolution
		{DC2667F9-4949-F66D-C3A7-889C39930F95}.Debug|Any CPU.ActiveCfg = Debug|Any CPU
		{DC2667F9-4949-F66D-C3A7-889C39930F95}.Debug|Any CPU.Build.0 = Debug|Any CPU
		{DC2667F9-4949-F66D-C3A7-889C39930F95}.Release|Any CPU.ActiveCfg = Release|Any CPU
		{DC2667F9-4949-F66D-C3A7-889C39930F95}.Release|Any CPU.Build.0 = Release|Any CPU
		{A5AAC478-A6D2-216E-F888-8EEE4407E6AD}.Debug|Any CPU.ActiveCfg = Debug|Any CPU
		{A5AAC478-A6D2-216E-F888-8EEE4407E6AD}.Debug|Any CPU.Build.0 = Debug|Any CPU
		{A5AAC478-A6D2-216E-F888-8EEE4407E6AD}.Release|Any CPU.ActiveCfg = Release|Any CPU
		{A5AAC478-A6D2-216E-F888-8EEE4407E6AD}.Release|Any CPU.Build.0 = Release|Any CPU
	EndGlobalSection
	GlobalSection(SolutionProperties) = preSolution
		HideSolutionNode = FALSE
	EndGlobalSection
EndGlobal
